// !$*UTF8*$!
{
	archiveVersion = 1;
	classes = {
	};
	objectVersion = 50;
	objects = {

/* Begin PBXBuildFile section */
		4828DD27235651AB00123C2E /* AppDelegate.swift in Sources */ = {isa = PBXBuildFile; fileRef = 4828DD26235651AB00123C2E /* AppDelegate.swift */; };
		4828DD29235651AB00123C2E /* ViewController.swift in Sources */ = {isa = PBXBuildFile; fileRef = 4828DD28235651AB00123C2E /* ViewController.swift */; };
		4828DD2C235651AB00123C2E /* Main.storyboard in Resources */ = {isa = PBXBuildFile; fileRef = 4828DD2A235651AB00123C2E /* Main.storyboard */; };
		4828DD2E235651AD00123C2E /* Assets.xcassets in Resources */ = {isa = PBXBuildFile; fileRef = 4828DD2D235651AD00123C2E /* Assets.xcassets */; };
		4828DD31235651AD00123C2E /* LaunchScreen.storyboard in Resources */ = {isa = PBXBuildFile; fileRef = 4828DD2F235651AD00123C2E /* LaunchScreen.storyboard */; };
		4828DD3C235651AD00123C2E /* HigherOrLowerTests.swift in Sources */ = {isa = PBXBuildFile; fileRef = 4828DD3B235651AD00123C2E /* HigherOrLowerTests.swift */; };
/* End PBXBuildFile section */

/* Begin PBXContainerItemProxy section */
		4828DD38235651AD00123C2E /* PBXContainerItemProxy */ = {
			isa = PBXContainerItemProxy;
			containerPortal = 4828DD1B235651AB00123C2E /* Project object */;
			proxyType = 1;
			remoteGlobalIDString = 4828DD22235651AB00123C2E;
			remoteInfo = HigherOrLower;
		};
/* End PBXContainerItemProxy section */

/* Begin PBXFileReference section */
		4828DD23235651AB00123C2E /* HigherOrLower.app */ = {isa = PBXFileReference; explicitFileType = wrapper.application; includeInIndex = 0; path = HigherOrLower.app; sourceTree = BUILT_PRODUCTS_DIR; };
		4828DD26235651AB00123C2E /* AppDelegate.swift */ = {isa = PBXFileReference; lastKnownFileType = sourcecode.swift; path = AppDelegate.swift; sourceTree = "<group>"; };
		4828DD28235651AB00123C2E /* ViewController.swift */ = {isa = PBXFileReference; lastKnownFileType = sourcecode.swift; path = ViewController.swift; sourceTree = "<group>"; };
		4828DD2B235651AB00123C2E /* Base */ = {isa = PBXFileReference; lastKnownFileType = file.storyboard; name = Base; path = Base.lproj/Main.storyboard; sourceTree = "<group>"; };
		4828DD2D235651AD00123C2E /* Assets.xcassets */ = {isa = PBXFileReference; lastKnownFileType = folder.assetcatalog; path = Assets.xcassets; sourceTree = "<group>"; };
		4828DD30235651AD00123C2E /* Base */ = {isa = PBXFileReference; lastKnownFileType = file.storyboard; name = Base; path = Base.lproj/LaunchScreen.storyboard; sourceTree = "<group>"; };
		4828DD32235651AD00123C2E /* Info.plist */ = {isa = PBXFileReference; lastKnownFileType = text.plist.xml; path = Info.plist; sourceTree = "<group>"; };
		4828DD37235651AD00123C2E /* HigherOrLowerTests.xctest */ = {isa = PBXFileReference; explicitFileType = wrapper.cfbundle; includeInIndex = 0; path = HigherOrLowerTests.xctest; sourceTree = BUILT_PRODUCTS_DIR; };
		4828DD3B235651AD00123C2E /* HigherOrLowerTests.swift */ = {isa = PBXFileReference; lastKnownFileType = sourcecode.swift; path = HigherOrLowerTests.swift; sourceTree = "<group>"; };
		4828DD3D235651AD00123C2E /* Info.plist */ = {isa = PBXFileReference; lastKnownFileType = text.plist.xml; path = Info.plist; sourceTree = "<group>"; };
/* End PBXFileReference section */

/* Begin PBXFrameworksBuildPhase section */
		4828DD20235651AB00123C2E /* Frameworks */ = {
			isa = PBXFrameworksBuildPhase;
			buildActionMask = 2147483647;
			files = (
			);
			runOnlyForDeploymentPostprocessing = 0;
		};
		4828DD34235651AD00123C2E /* Frameworks */ = {
			isa = PBXFrameworksBuildPhase;
			buildActionMask = 2147483647;
			files = (
			);
			runOnlyForDeploymentPostprocessing = 0;
		};
/* End PBXFrameworksBuildPhase section */

/* Begin PBXGroup section */
		4828DD1A235651AB00123C2E = {
			isa = PBXGroup;
			children = (
				4828DD25235651AB00123C2E /* HigherOrLower */,
				4828DD3A235651AD00123C2E /* HigherOrLowerTests */,
				4828DD24235651AB00123C2E /* Products */,
			);
			sourceTree = "<group>";
		};
		4828DD24235651AB00123C2E /* Products */ = {
			isa = PBXGroup;
			children = (
				4828DD23235651AB00123C2E /* HigherOrLower.app */,
				4828DD37235651AD00123C2E /* HigherOrLowerTests.xctest */,
			);
			name = Products;
			sourceTree = "<group>";
		};
		4828DD25235651AB00123C2E /* HigherOrLower */ = {
			isa = PBXGroup;
			children = (
				4828DD26235651AB00123C2E /* AppDelegate.swift */,
				4828DD28235651AB00123C2E /* ViewController.swift */,
				4828DD2A235651AB00123C2E /* Main.storyboard */,
				4828DD2D235651AD00123C2E /* Assets.xcassets */,
				4828DD2F235651AD00123C2E /* LaunchScreen.storyboard */,
				4828DD32235651AD00123C2E /* Info.plist */,
			);
			path = HigherOrLower;
			sourceTree = "<group>";
		};
		4828DD3A235651AD00123C2E /* HigherOrLowerTests */ = {
			isa = PBXGroup;
			children = (
				4828DD3B235651AD00123C2E /* HigherOrLowerTests.swift */,
				4828DD3D235651AD00123C2E /* Info.plist */,
			);
			path = HigherOrLowerTests;
			sourceTree = "<group>";
		};
/* End PBXGroup section */

/* Begin PBXNativeTarget section */
		4828DD22235651AB00123C2E /* HigherOrLower */ = {
			isa = PBXNativeTarget;
			buildConfigurationList = 4828DD40235651AD00123C2E /* Build configuration list for PBXNativeTarget "HigherOrLower" */;
			buildPhases = (
				4828DD1F235651AB00123C2E /* Sources */,
				4828DD20235651AB00123C2E /* Frameworks */,
				4828DD21235651AB00123C2E /* Resources */,
			);
			buildRules = (
			);
			dependencies = (
			);
			name = HigherOrLower;
			productName = HigherOrLower;
			productReference = 4828DD23235651AB00123C2E /* HigherOrLower.app */;
			productType = "com.apple.product-type.application";
		};
		4828DD36235651AD00123C2E /* HigherOrLowerTests */ = {
			isa = PBXNativeTarget;
			buildConfigurationList = 4828DD43235651AD00123C2E /* Build configuration list for PBXNativeTarget "HigherOrLowerTests" */;
			buildPhases = (
				4828DD33235651AD00123C2E /* Sources */,
				4828DD34235651AD00123C2E /* Frameworks */,
				4828DD35235651AD00123C2E /* Resources */,
			);
			buildRules = (
			);
			dependencies = (
				4828DD39235651AD00123C2E /* PBXTargetDependency */,
			);
			name = HigherOrLowerTests;
			productName = HigherOrLowerTests;
			productReference = 4828DD37235651AD00123C2E /* HigherOrLowerTests.xctest */;
			productType = "com.apple.product-type.bundle.unit-test";
		};
/* End PBXNativeTarget section */

/* Begin PBXProject section */
		4828DD1B235651AB00123C2E /* Project object */ = {
			isa = PBXProject;
			attributes = {
				LastSwiftUpdateCheck = 1030;
				LastUpgradeCheck = 1030;
				ORGANIZATIONNAME = "Oleksiy Chebotarov";
				TargetAttributes = {
					4828DD22235651AB00123C2E = {
						CreatedOnToolsVersion = 10.3;
					};
					4828DD36235651AD00123C2E = {
						CreatedOnToolsVersion = 10.3;
						TestTargetID = 4828DD22235651AB00123C2E;
					};
				};
			};
			buildConfigurationList = 4828DD1E235651AB00123C2E /* Build configuration list for PBXProject "HigherOrLower" */;
			compatibilityVersion = "Xcode 9.3";
			developmentRegion = en;
			hasScannedForEncodings = 0;
			knownRegions = (
				en,
				Base,
			);
			mainGroup = 4828DD1A235651AB00123C2E;
			productRefGroup = 4828DD24235651AB00123C2E /* Products */;
			projectDirPath = "";
			projectRoot = "";
			targets = (
				4828DD22235651AB00123C2E /* HigherOrLower */,
				4828DD36235651AD00123C2E /* HigherOrLowerTests */,
			);
		};
/* End PBXProject section */

/* Begin PBXResourcesBuildPhase section */
		4828DD21235651AB00123C2E /* Resources */ = {
			isa = PBXResourcesBuildPhase;
			buildActionMask = 2147483647;
			files = (
				4828DD31235651AD00123C2E /* LaunchScreen.storyboard in Resources */,
				4828DD2E235651AD00123C2E /* Assets.xcassets in Resources */,
				4828DD2C235651AB00123C2E /* Main.storyboard in Resources */,
			);
			runOnlyForDeploymentPostprocessing = 0;
		};
		4828DD35235651AD00123C2E /* Resources */ = {
			isa = PBXResourcesBuildPhase;
			buildActionMask = 2147483647;
			files = (
			);
			runOnlyForDeploymentPostprocessing = 0;
		};
/* End PBXResourcesBuildPhase section */

/* Begin PBXSourcesBuildPhase section */
		4828DD1F235651AB00123C2E /* Sources */ = {
			isa = PBXSourcesBuildPhase;
			buildActionMask = 2147483647;
			files = (
				4828DD29235651AB00123C2E /* ViewController.swift in Sources */,
				4828DD27235651AB00123C2E /* AppDelegate.swift in Sources */,
			);
			runOnlyForDeploymentPostprocessing = 0;
		};
		4828DD33235651AD00123C2E /* Sources */ = {
			isa = PBXSourcesBuildPhase;
			buildActionMask = 2147483647;
			files = (
				4828DD3C235651AD00123C2E /* HigherOrLowerTests.swift in Sources */,
			);
			runOnlyForDeploymentPostprocessing = 0;
		};
/* End PBXSourcesBuildPhase section */

/* Begin PBXTargetDependency section */
		4828DD39235651AD00123C2E /* PBXTargetDependency */ = {
			isa = PBXTargetDependency;
			target = 4828DD22235651AB00123C2E /* HigherOrLower */;
			targetProxy = 4828DD38235651AD00123C2E /* PBXContainerItemProxy */;
		};
/* End PBXTargetDependency section */

/* Begin PBXVariantGroup section */
		4828DD2A235651AB00123C2E /* Main.storyboard */ = {
			isa = PBXVariantGroup;
			children = (
				4828DD2B235651AB00123C2E /* Base */,
			);
			name = Main.storyboard;
			sourceTree = "<group>";
		};
		4828DD2F235651AD00123C2E /* LaunchScreen.storyboard */ = {
			isa = PBXVariantGroup;
			children = (
				4828DD30235651AD00123C2E /* Base */,
			);
			name = LaunchScreen.storyboard;
			sourceTree = "<group>";
		};
/* End PBXVariantGroup section */

/* Begin XCBuildConfiguration section */
		4828DD3E235651AD00123C2E /* Debug */ = {
			isa = XCBuildConfiguration;
			buildSettings = {
				ALWAYS_SEARCH_USER_PATHS = NO;
				CLANG_ANALYZER_NONNULL = YES;
				CLANG_ANALYZER_NUMBER_OBJECT_CONVERSION = YES_AGGRESSIVE;
				CLANG_CXX_LANGUAGE_STANDARD = "gnu++14";
				CLANG_CXX_LIBRARY = "libc++";
				CLANG_ENABLE_MODULES = YES;
				CLANG_ENABLE_OBJC_ARC = YES;
				CLANG_ENABLE_OBJC_WEAK = YES;
				CLANG_WARN_BLOCK_CAPTURE_AUTORELEASING = YES;
				CLANG_WARN_BOOL_CONVERSION = YES;
				CLANG_WARN_COMMA = YES;
				CLANG_WARN_CONSTANT_CONVERSION = YES;
				CLANG_WARN_DEPRECATED_OBJC_IMPLEMENTATIONS = YES;
				CLANG_WARN_DIRECT_OBJC_ISA_USAGE = YES_ERROR;
				CLANG_WARN_DOCUMENTATION_COMMENTS = YES;
				CLANG_WARN_EMPTY_BODY = YES;
				CLANG_WARN_ENUM_CONVERSION = YES;
				CLANG_WARN_INFINITE_RECURSION = YES;
				CLANG_WARN_INT_CONVERSION = YES;
				CLANG_WARN_NON_LITERAL_NULL_CONVERSION = YES;
				CLANG_WARN_OBJC_IMPLICIT_RETAIN_SELF = YES;
				CLANG_WARN_OBJC_LITERAL_CONVERSION = YES;
				CLANG_WARN_OBJC_ROOT_CLASS = YES_ERROR;
				CLANG_WARN_RANGE_LOOP_ANALYSIS = YES;
				CLANG_WARN_STRICT_PROTOTYPES = YES;
				CLANG_WARN_SUSPICIOUS_MOVE = YES;
				CLANG_WARN_UNGUARDED_AVAILABILITY = YES_AGGRESSIVE;
				CLANG_WARN_UNREACHABLE_CODE = YES;
				CLANG_WARN__DUPLICATE_METHOD_MATCH = YES;
				CODE_SIGN_IDENTITY = "iPhone Developer";
				COPY_PHASE_STRIP = NO;
				DEBUG_INFORMATION_FORMAT = dwarf;
				ENABLE_STRICT_OBJC_MSGSEND = YES;
				ENABLE_TESTABILITY = YES;
				GCC_C_LANGUAGE_STANDARD = gnu11;
				GCC_DYNAMIC_NO_PIC = NO;
				GCC_NO_COMMON_BLOCKS = YES;
				GCC_OPTIMIZATION_LEVEL = 0;
				GCC_PREPROCESSOR_DEFINITIONS = (
					"DEBUG=1",
					"$(inherited)",
				);
				GCC_WARN_64_TO_32_BIT_CONVERSION = YES;
				GCC_WARN_ABOUT_RETURN_TYPE = YES_ERROR;
				GCC_WARN_UNDECLARED_SELECTOR = YES;
				GCC_WARN_UNINITIALIZED_AUTOS = YES_AGGRESSIVE;
				GCC_WARN_UNUSED_FUNCTION = YES;
				GCC_WARN_UNUSED_VARIABLE = YES;
				IPHONEOS_DEPLOYMENT_TARGET = 12.4;
				MTL_ENABLE_DEBUG_INFO = INCLUDE_SOURCE;
				MTL_FAST_MATH = YES;
				ONLY_ACTIVE_ARCH = YES;
				SDKROOT = iphoneos;
				SWIFT_ACTIVE_COMPILATION_CONDITIONS = DEBUG;
				SWIFT_OPTIMIZATION_LEVEL = "-Onone";
			};
			name = Debug;
		};
		4828DD3F235651AD00123C2E /* Release */ = {
			isa = XCBuildConfiguration;
			buildSettings = {
				ALWAYS_SEARCH_USER_PATHS = NO;
				CLANG_ANALYZER_NONNULL = YES;
				CLANG_ANALYZER_NUMBER_OBJECT_CONVERSION = YES_AGGRESSIVE;
				CLANG_CXX_LANGUAGE_STANDARD = "gnu++14";
				CLANG_CXX_LIBRARY = "libc++";
				CLANG_ENABLE_MODULES = YES;
				CLANG_ENABLE_OBJC_ARC = YES;
				CLANG_ENABLE_OBJC_WEAK = YES;
				CLANG_WARN_BLOCK_CAPTURE_AUTORELEASING = YES;
				CLANG_WARN_BOOL_CONVERSION = YES;
				CLANG_WARN_COMMA = YES;
				CLANG_WARN_CONSTANT_CONVERSION = YES;
				CLANG_WARN_DEPRECATED_OBJC_IMPLEMENTATIONS = YES;
				CLANG_WARN_DIRECT_OBJC_ISA_USAGE = YES_ERROR;
				CLANG_WARN_DOCUMENTATION_COMMENTS = YES;
				CLANG_WARN_EMPTY_BODY = YES;
				CLANG_WARN_ENUM_CONVERSION = YES;
				CLANG_WARN_INFINITE_RECURSION = YES;
				CLANG_WARN_INT_CONVERSION = YES;
				CLANG_WARN_NON_LITERAL_NULL_CONVERSION = YES;
				CLANG_WARN_OBJC_IMPLICIT_RETAIN_SELF = YES;
				CLANG_WARN_OBJC_LITERAL_CONVERSION = YES;
				CLANG_WARN_OBJC_ROOT_CLASS = YES_ERROR;
				CLANG_WARN_RANGE_LOOP_ANALYSIS = YES;
				CLANG_WARN_STRICT_PROTOTYPES = YES;
				CLANG_WARN_SUSPICIOUS_MOVE = YES;
				CLANG_WARN_UNGUARDED_AVAILABILITY = YES_AGGRESSIVE;
				CLANG_WARN_UNREACHABLE_CODE = YES;
				CLANG_WARN__DUPLICATE_METHOD_MATCH = YES;
				CODE_SIGN_IDENTITY = "iPhone Developer";
				COPY_PHASE_STRIP = NO;
				DEBUG_INFORMATION_FORMAT = "dwarf-with-dsym";
				ENABLE_NS_ASSERTIONS = NO;
				ENABLE_STRICT_OBJC_MSGSEND = YES;
				GCC_C_LANGUAGE_STANDARD = gnu11;
				GCC_NO_COMMON_BLOCKS = YES;
				GCC_WARN_64_TO_32_BIT_CONVERSION = YES;
				GCC_WARN_ABOUT_RETURN_TYPE = YES_ERROR;
				GCC_WARN_UNDECLARED_SELECTOR = YES;
				GCC_WARN_UNINITIALIZED_AUTOS = YES_AGGRESSIVE;
				GCC_WARN_UNUSED_FUNCTION = YES;
				GCC_WARN_UNUSED_VARIABLE = YES;
				IPHONEOS_DEPLOYMENT_TARGET = 12.4;
				MTL_ENABLE_DEBUG_INFO = NO;
				MTL_FAST_MATH = YES;
				SDKROOT = iphoneos;
				SWIFT_COMPILATION_MODE = wholemodule;
				SWIFT_OPTIMIZATION_LEVEL = "-O";
				VALIDATE_PRODUCT = YES;
			};
			name = Release;
		};
		4828DD41235651AD00123C2E /* Debug */ = {
			isa = XCBuildConfiguration;
			buildSettings = {
				ASSETCATALOG_COMPILER_APPICON_NAME = AppIcon;
				CODE_SIGN_STYLE = Automatic;
				DEVELOPMENT_TEAM = M3S4J75265;
				INFOPLIST_FILE = HigherOrLower/Info.plist;
				IPHONEOS_DEPLOYMENT_TARGET = 12.1;
				LD_RUNPATH_SEARCH_PATHS = (
					"$(inherited)",
					"@executable_path/Frameworks",
				);
				PRODUCT_BUNDLE_IDENTIFIER = com.capitan.HigherOrLower;
				PRODUCT_NAME = "$(TARGET_NAME)";
				SWIFT_VERSION = 5.0;
				TARGETED_DEVICE_FAMILY = "1,2";
			};
			name = Debug;
		};
		4828DD42235651AD00123C2E /* Release */ = {
			isa = XCBuildConfiguration;
			buildSettings = {
				ASSETCATALOG_COMPILER_APPICON_NAME = AppIcon;
				CODE_SIGN_STYLE = Automatic;
				DEVELOPMENT_TEAM = M3S4J75265;
				INFOPLIST_FILE = HigherOrLower/Info.plist;
				IPHONEOS_DEPLOYMENT_TARGET = 12.1;
				LD_RUNPATH_SEARCH_PATHS = (
					"$(inherited)",
					"@executable_path/Frameworks",
				);
				PRODUCT_BUNDLE_IDENTIFIER = com.capitan.HigherOrLower;
				PRODUCT_NAME = "$(TARGET_NAME)";
				SWIFT_VERSION = 5.0;
				TARGETED_DEVICE_FAMILY = "1,2";
			};
			name = Release;
		};
		4828DD44235651AD00123C2E /* Debug */ = {
			isa = XCBuildConfiguration;
			buildSettings = {
				ALWAYS_EMBED_SWIFT_STANDARD_LIBRARIES = YES;
				BUNDLE_LOADER = "$(TEST_HOST)";
				CODE_SIGN_STYLE = Automatic;
				DEVELOPMENT_TEAM = M3S4J75265;
				INFOPLIST_FILE = HigherOrLowerTests/Info.plist;
				LD_RUNPATH_SEARCH_PATHS = (
					"$(inherited)",
					"@executable_path/Frameworks",
					"@loader_path/Frameworks",
				);
				PRODUCT_BUNDLE_IDENTIFIER = com.capitan.HigherOrLowerTests;
				PRODUCT_NAME = "$(TARGET_NAME)";
				SWIFT_VERSION = 5.0;
				TARGETED_DEVICE_FAMILY = "1,2";
				TEST_HOST = "$(BUILT_PRODUCTS_DIR)/HigherOrLower.app/HigherOrLower";
			};
			name = Debug;
		};
		4828DD45235651AD00123C2E /* Release */ = {
			isa = XCBuildConfiguration;
			buildSettings = {
				ALWAYS_EMBED_SWIFT_STANDARD_LIBRARIES = YES;
				BUNDLE_LOADER = "$(TEST_HOST)";
				CODE_SIGN_STYLE = Automatic;
				DEVELOPMENT_TEAM = M3S4J75265;
				INFOPLIST_FILE = HigherOrLowerTests/Info.plist;
				LD_RUNPATH_SEARCH_PATHS = (
					"$(inherited)",
					"@executable_path/Frameworks",
					"@loader_path/Frameworks",
				);
				PRODUCT_BUNDLE_IDENTIFIER = com.capitan.HigherOrLowerTests;
				PRODUCT_NAME = "$(TARGET_NAME)";
				SWIFT_VERSION = 5.0;
				TARGETED_DEVICE_FAMILY = "1,2";
				TEST_HOST = "$(BUILT_PRODUCTS_DIR)/HigherOrLower.app/HigherOrLower";
			};
			name = Release;
		};
/* End XCBuildConfiguration section */

/* Begin XCConfigurationList section */
		4828DD1E235651AB00123C2E /* Build configuration list for PBXProject "HigherOrLower" */ = {
			isa = XCConfigurationList;
			buildConfigurations = (
				4828DD3E235651AD00123C2E /* Debug */,
				4828DD3F235651AD00123C2E /* Release */,
			);
			defaultConfigurationIsVisible = 0;
			defaultConfigurationName = Release;
		};
		4828DD40235651AD00123C2E /* Build configuration list for PBXNativeTarget "HigherOrLower" */ = {
			isa = XCConfigurationList;
			buildConfigurations = (
				4828DD41235651AD00123C2E /* Debug */,
				4828DD42235651AD00123C2E /* Release */,
			);
			defaultConfigurationIsVisible = 0;
			defaultConfigurationName = Release;
		};
		4828DD43235651AD00123C2E /* Build configuration list for PBXNativeTarget "HigherOrLowerTests" */ = {
			isa = XCConfigurationList;
			buildConfigurations = (
				4828DD44235651AD00123C2E /* Debug */,
				4828DD45235651AD00123C2E /* Release */,
			);
			defaultConfigurationIsVisible = 0;
			defaultConfigurationName = Release;
		};
/* End XCConfigurationList section */
	};
	rootObject = 4828DD1B235651AB00123C2E /* Project object */;
}
